
Microsoft Visual Studio Solution File, Format Version 12.00
# Visual Studio Version 17
VisualStudioVersion = 17.6.33712.159
MinimumVisualStudioVersion = 10.0.40219.1
Project("{FAE04EC0-301F-11D3-BF4B-00C04F79EFBC}") = "conversor_Dolar_Real", "conversor_Dolar_Real.csproj", "{9309E062-8995-4906-A0A4-DE207B3CB57A}"
EndProject
Global
	GlobalSection(SolutionConfigurationPlatforms) = preSolution
		Debug|Any CPU = Debug|Any CPU
		Release|Any CPU = Release|Any CPU
	EndGlobalSection
	GlobalSection(ProjectConfigurationPlatforms) = postSolution
		{9309E062-8995-4906-A0A4-DE207B3CB57A}.Debug|Any CPU.ActiveCfg = Debug|Any CPU
		{9309E062-8995-4906-A0A4-DE207B3CB57A}.Debug|Any CPU.Build.0 = Debug|Any CPU
		{9309E062-8995-4906-A0A4-DE207B3CB57A}.Release|Any CPU.ActiveCfg = Release|Any CPU
		{9309E062-8995-4906-A0A4-DE207B3CB57A}.Release|Any CPU.Build.0 = Release|Any CPU
	EndGlobalSection
	GlobalSection(SolutionProperties) = preSolution
		HideSolutionNode = FALSE
	EndGlobalSection
	GlobalSection(ExtensibilityGlobals) = postSolution
		SolutionGuid = {373A78D1-0473-4AB0-B79A-2A15C79B8BD2}
	EndGlobalSection
EndGlobal
